
Microsoft Visual Studio Solution File, Format Version 12.00
# Visual Studio Version 17
VisualStudioVersion = 17.4.33403.182
MinimumVisualStudioVersion = 10.0.40219.1
Project("{8BC9CEB8-8B4A-11D0-8D11-00A0C91BC942}") = "zesty-aimbot", "zesty-aimbot\zesty-aimbot.vcxproj", "{57BFC461-9EB3-4C91-9E8E-43D2294FFB58}"
EndProject
Global
	GlobalSection(SolutionConfigurationPlatforms) = preSolution
		Debug|x64 = Debug|x64
		Debug|x86 = Debug|x86
		Release|x64 = Release|x64
		Release|x86 = Release|x86
	EndGlobalSection
	GlobalSection(ProjectConfigurationPlatforms) = postSolution
		{57BFC461-9EB3-4C91-9E8E-43D2294FFB58}.Debug|x64.ActiveCfg = Debug|x64
		{57BFC461-9EB3-4C91-9E8E-43D2294FFB58}.Debug|x64.Build.0 = Debug|x64
		{57BFC461-9EB3-4C91-9E8E-43D2294FFB58}.Debug|x86.ActiveCfg = Debug|Win32
		{57BFC461-9EB3-4C91-9E8E-43D2294FFB58}.Debug|x86.Build.0 = Debug|Win32
		{57BFC461-9EB3-4C91-9E8E-43D2294FFB58}.Release|x64.ActiveCfg = Release|x64
		{57BFC461-9EB3-4C91-9E8E-43D2294FFB58}.Release|x64.Build.0 = Release|x64
		{57BFC461-9EB3-4C91-9E8E-43D2294FFB58}.Release|x86.ActiveCfg = Release|Win32
		{57BFC461-9EB3-4C91-9E8E-43D2294FFB58}.Release|x86.Build.0 = Release|Win32
	EndGlobalSection
	GlobalSection(SolutionProperties) = preSolution
		HideSolutionNode = FALSE
	EndGlobalSection
	GlobalSection(ExtensibilityGlobals) = postSolution
		SolutionGuid = {D65F1C81-4AC9-4ECE-A38B-7CA2FD3E9196}
	EndGlobalSection
EndGlobal
